{
  "name": "backend",
  "lockfileVersion": 3,
  "requires": true,
  "packages": {
    "": {
      "dependencies": {
        "groq": "^5.18.0"
      }
    },
    "node_modules/groq": {
      "version": "5.18.0",
      "resolved": "https://registry.npmjs.org/groq/-/groq-5.18.0.tgz",
      "integrity": "sha512-TqdRsnfKU/F4CDzdp0pICQoPkIJCBDHELlKyIhdZ2heZAnv+Vadg7iIkOUCwykvfxDt6dhbP5AyLx5zunJ3c2Q==",
      "license": "MIT",
      "engines": {
        "node": ">=20.19 <22 || >=22.12"
      }
    }
  }
}
